
Microsoft Visual Studio Solution File, Format Version 12.00
# Visual Studio Version 16
VisualStudioVersion = 16.0.30717.126
MinimumVisualStudioVersion = 10.0.40219.1
Project("{FAE04EC0-301F-11D3-BF4B-00C04F79EFBC}") = "CarPark", "CarPark\CarPark.csproj", "{03F70BA6-E740-42A9-9DA3-FF0E46412D14}"
EndProject
Project("{2150E333-8FDC-42A3-9474-1A3956D46DE8}") = "Data", "Data", "{16509C06-E38A-4939-A038-CAB9D084728C}"
	ProjectSection(SolutionItems) = preProject
		products.xml = products.xml
		semi_trailers.xml = semi_trailers.xml
		truck_tractors.xml = truck_tractors.xml
	EndProjectSection
EndProject
Project("{FAE04EC0-301F-11D3-BF4B-00C04F79EFBC}") = "CarParkTest", "CarParkTest\CarParkTest.csproj", "{B008C837-60CF-4BFC-9E33-1C098AFA08E4}"
EndProject
Global
	GlobalSection(SolutionConfigurationPlatforms) = preSolution
		Debug|Any CPU = Debug|Any CPU
		Release|Any CPU = Release|Any CPU
	EndGlobalSection
	GlobalSection(ProjectConfigurationPlatforms) = postSolution
		{03F70BA6-E740-42A9-9DA3-FF0E46412D14}.Debug|Any CPU.ActiveCfg = Debug|Any CPU
		{03F70BA6-E740-42A9-9DA3-FF0E46412D14}.Debug|Any CPU.Build.0 = Debug|Any CPU
		{03F70BA6-E740-42A9-9DA3-FF0E46412D14}.Release|Any CPU.ActiveCfg = Release|Any CPU
		{03F70BA6-E740-42A9-9DA3-FF0E46412D14}.Release|Any CPU.Build.0 = Release|Any CPU
		{B008C837-60CF-4BFC-9E33-1C098AFA08E4}.Debug|Any CPU.ActiveCfg = Debug|Any CPU
		{B008C837-60CF-4BFC-9E33-1C098AFA08E4}.Debug|Any CPU.Build.0 = Debug|Any CPU
		{B008C837-60CF-4BFC-9E33-1C098AFA08E4}.Release|Any CPU.ActiveCfg = Release|Any CPU
		{B008C837-60CF-4BFC-9E33-1C098AFA08E4}.Release|Any CPU.Build.0 = Release|Any CPU
	EndGlobalSection
	GlobalSection(SolutionProperties) = preSolution
		HideSolutionNode = FALSE
	EndGlobalSection
	GlobalSection(ExtensibilityGlobals) = postSolution
		SolutionGuid = {D5055B75-373F-4F75-A731-711C2975CAB0}
	EndGlobalSection
EndGlobal
