
Microsoft Visual Studio Solution File, Format Version 12.00
# Visual Studio Version 17
VisualStudioVersion = 17.0.31612.314
MinimumVisualStudioVersion = 10.0.40219.1
Project("{FAE04EC0-301F-11D3-BF4B-00C04F79EFBC}") = "EuclidCalculatorLib", "EuclidCalculatorLib\EuclidCalculatorLib.csproj", "{DAC47903-9417-4252-A14D-BC877B3E902A}"
EndProject
Project("{FAE04EC0-301F-11D3-BF4B-00C04F79EFBC}") = "EuclidCalculatorLibTests", "EuclidCalculatorLibTests\EuclidCalculatorLibTests.csproj", "{90012E16-8B6C-47E1-8885-DCEA2466EA90}"
EndProject
Project("{FAE04EC0-301F-11D3-BF4B-00C04F79EFBC}") = "ExceptionLib", "ExceptionLib\ExceptionLib.csproj", "{7B3E6C28-A0D7-45B7-AFBA-EDEB7FFAA6E3}"
EndProject
Global
	GlobalSection(SolutionConfigurationPlatforms) = preSolution
		Debug|Any CPU = Debug|Any CPU
		Release|Any CPU = Release|Any CPU
	EndGlobalSection
	GlobalSection(ProjectConfigurationPlatforms) = postSolution
		{DAC47903-9417-4252-A14D-BC877B3E902A}.Debug|Any CPU.ActiveCfg = Debug|Any CPU
		{DAC47903-9417-4252-A14D-BC877B3E902A}.Debug|Any CPU.Build.0 = Debug|Any CPU
		{DAC47903-9417-4252-A14D-BC877B3E902A}.Release|Any CPU.ActiveCfg = Release|Any CPU
		{DAC47903-9417-4252-A14D-BC877B3E902A}.Release|Any CPU.Build.0 = Release|Any CPU
		{90012E16-8B6C-47E1-8885-DCEA2466EA90}.Debug|Any CPU.ActiveCfg = Debug|Any CPU
		{90012E16-8B6C-47E1-8885-DCEA2466EA90}.Debug|Any CPU.Build.0 = Debug|Any CPU
		{90012E16-8B6C-47E1-8885-DCEA2466EA90}.Release|Any CPU.ActiveCfg = Release|Any CPU
		{90012E16-8B6C-47E1-8885-DCEA2466EA90}.Release|Any CPU.Build.0 = Release|Any CPU
		{7B3E6C28-A0D7-45B7-AFBA-EDEB7FFAA6E3}.Debug|Any CPU.ActiveCfg = Debug|Any CPU
		{7B3E6C28-A0D7-45B7-AFBA-EDEB7FFAA6E3}.Debug|Any CPU.Build.0 = Debug|Any CPU
		{7B3E6C28-A0D7-45B7-AFBA-EDEB7FFAA6E3}.Release|Any CPU.ActiveCfg = Release|Any CPU
		{7B3E6C28-A0D7-45B7-AFBA-EDEB7FFAA6E3}.Release|Any CPU.Build.0 = Release|Any CPU
	EndGlobalSection
	GlobalSection(SolutionProperties) = preSolution
		HideSolutionNode = FALSE
	EndGlobalSection
	GlobalSection(ExtensibilityGlobals) = postSolution
		SolutionGuid = {07C92C54-7310-4DFC-AF4E-81449D1B7651}
	EndGlobalSection
EndGlobal
