
Microsoft Visual Studio Solution File, Format Version 12.00
# Visual Studio Version 16
VisualStudioVersion = 16.0.31205.134
MinimumVisualStudioVersion = 10.0.40219.1
Project("{FAE04EC0-301F-11D3-BF4B-00C04F79EFBC}") = "PrinterLibrary", "PrinterLibrary\PrinterLibrary.csproj", "{DB1B63FC-4EA2-4120-B3CB-871823FEE6FA}"
EndProject
Project("{FAE04EC0-301F-11D3-BF4B-00C04F79EFBC}") = "ConsoleUI", "ConsoleUI\ConsoleUI.csproj", "{AF5B9FE9-F97C-4319-9122-44BAB0B9377F}"
EndProject
Global
	GlobalSection(SolutionConfigurationPlatforms) = preSolution
		Debug|Any CPU = Debug|Any CPU
		Release|Any CPU = Release|Any CPU
	EndGlobalSection
	GlobalSection(ProjectConfigurationPlatforms) = postSolution
		{DB1B63FC-4EA2-4120-B3CB-871823FEE6FA}.Debug|Any CPU.ActiveCfg = Debug|Any CPU
		{DB1B63FC-4EA2-4120-B3CB-871823FEE6FA}.Debug|Any CPU.Build.0 = Debug|Any CPU
		{DB1B63FC-4EA2-4120-B3CB-871823FEE6FA}.Release|Any CPU.ActiveCfg = Release|Any CPU
		{DB1B63FC-4EA2-4120-B3CB-871823FEE6FA}.Release|Any CPU.Build.0 = Release|Any CPU
		{AF5B9FE9-F97C-4319-9122-44BAB0B9377F}.Debug|Any CPU.ActiveCfg = Debug|Any CPU
		{AF5B9FE9-F97C-4319-9122-44BAB0B9377F}.Debug|Any CPU.Build.0 = Debug|Any CPU
		{AF5B9FE9-F97C-4319-9122-44BAB0B9377F}.Release|Any CPU.ActiveCfg = Release|Any CPU
		{AF5B9FE9-F97C-4319-9122-44BAB0B9377F}.Release|Any CPU.Build.0 = Release|Any CPU
	EndGlobalSection
	GlobalSection(SolutionProperties) = preSolution
		HideSolutionNode = FALSE
	EndGlobalSection
	GlobalSection(ExtensibilityGlobals) = postSolution
		SolutionGuid = {736EE46A-E263-4A63-B4D4-FDA8BFA13C33}
	EndGlobalSection
EndGlobal
